// !$*UTF8*$!
{
	archiveVersion = 1;
	classes = {
	};
	objectVersion = 70;
	objects = {

/* Begin PBXBuildFile section */
		5596D8332E9AED0D00E98CEF /* Migration.swift in Sources */ = {isa = PBXBuildFile; fileRef = 5596D8192E9AE25E00E98CEF /* Migration.swift */; };
		5596D8732E9AF67D00E98CEF /* CareerV2.swift in Sources */ = {isa = PBXBuildFile; fileRef = 5596D81B2E9AE4EF00E98CEF /* CareerV2.swift */; };
		5596D8792E9AFD3700E98CEF /* careerV2.json in Resources */ = {isa = PBXBuildFile; fileRef = 5596D8782E9AFD3700E98CEF /* careerV2.json */; };
		55A6ECFF2E9541FD0033B674 /* CareerRow.swift in Sources */ = {isa = PBXBuildFile; fileRef = 55A6ECFE2E9541FD0033B674 /* CareerRow.swift */; };
		55A6ED012E9542000033B674 /* CareerDetail.swift in Sources */ = {isa = PBXBuildFile; fileRef = 55A6ED002E9542000033B674 /* CareerDetail.swift */; };
		55A6ED032E9542020033B674 /* CareerList.swift in Sources */ = {isa = PBXBuildFile; fileRef = 55A6ED022E9542020033B674 /* CareerList.swift */; };
		55A6ED052E9542630033B674 /* CareersModelData.swift in Sources */ = {isa = PBXBuildFile; fileRef = 55A6ED042E9542630033B674 /* CareersModelData.swift */; };
		55A6ED072E9548000033B674 /* careersData.json in Resources */ = {isa = PBXBuildFile; fileRef = 55A6ED062E9548000033B674 /* careersData.json */; };
		55C06F5E2E96DEB600BD5017 /* CategoryRow.swift in Sources */ = {isa = PBXBuildFile; fileRef = 55C06F5D2E96DEB600BD5017 /* CategoryRow.swift */; };
		55C06F602E96E14A00BD5017 /* PersonaRow.swift in Sources */ = {isa = PBXBuildFile; fileRef = 55C06F5F2E96E14A00BD5017 /* PersonaRow.swift */; };
		C20D77EE24B665D7002E7AEA /* CareersApp.swift in Sources */ = {isa = PBXBuildFile; fileRef = C20D77ED24B665D7002E7AEA /* CareersApp.swift */; };
		C20D77F224B665D8002E7AEA /* Assets.xcassets in Resources */ = {isa = PBXBuildFile; fileRef = C20D77F124B665D8002E7AEA /* Assets.xcassets */; };
		C20D77F524B665D8002E7AEA /* Preview Assets.xcassets in Resources */ = {isa = PBXBuildFile; fileRef = C20D77F424B665D8002E7AEA /* Preview Assets.xcassets */; };
		C20D780524B684EC002E7AEA /* CareerV1.swift in Sources */ = {isa = PBXBuildFile; fileRef = C20D780424B684EC002E7AEA /* CareerV1.swift */; };
/* End PBXBuildFile section */

/* Begin PBXContainerItemProxy section */
		5596D86E2E9AF46B00E98CEF /* PBXContainerItemProxy */ = {
			isa = PBXContainerItemProxy;
			containerPortal = C20D77E224B665D7002E7AEA /* Project object */;
			proxyType = 1;
			remoteGlobalIDString = C20D77E924B665D7002E7AEA;
			remoteInfo = CareersApp;
		};
/* End PBXContainerItemProxy section */

/* Begin PBXCopyFilesBuildPhase section */
		5596D8482E9AF0E100E98CEF /* Embed PlugIns */ = {
			isa = PBXCopyFilesBuildPhase;
			buildActionMask = 2147483647;
			dstPath = "";
			dstSubfolderSpec = 13;
			files = (
			);
			name = "Embed PlugIns";
			runOnlyForDeploymentPostprocessing = 0;
		};
/* End PBXCopyFilesBuildPhase section */

/* Begin PBXFileReference section */
		5596D8192E9AE25E00E98CEF /* Migration.swift */ = {isa = PBXFileReference; lastKnownFileType = sourcecode.swift; path = Migration.swift; sourceTree = "<group>"; };
		5596D81B2E9AE4EF00E98CEF /* CareerV2.swift */ = {isa = PBXFileReference; lastKnownFileType = sourcecode.swift; path = CareerV2.swift; sourceTree = "<group>"; };
		5596D86A2E9AF46B00E98CEF /* Tests.xctest */ = {isa = PBXFileReference; explicitFileType = wrapper.cfbundle; includeInIndex = 0; path = Tests.xctest; sourceTree = BUILT_PRODUCTS_DIR; };
		5596D8782E9AFD3700E98CEF /* careerV2.json */ = {isa = PBXFileReference; lastKnownFileType = text.json; path = careerV2.json; sourceTree = "<group>"; };
		55A6ECFE2E9541FD0033B674 /* CareerRow.swift */ = {isa = PBXFileReference; lastKnownFileType = sourcecode.swift; path = CareerRow.swift; sourceTree = "<group>"; };
		55A6ED002E9542000033B674 /* CareerDetail.swift */ = {isa = PBXFileReference; lastKnownFileType = sourcecode.swift; path = CareerDetail.swift; sourceTree = "<group>"; };
		55A6ED022E9542020033B674 /* CareerList.swift */ = {isa = PBXFileReference; lastKnownFileType = sourcecode.swift; path = CareerList.swift; sourceTree = "<group>"; };
		55A6ED042E9542630033B674 /* CareersModelData.swift */ = {isa = PBXFileReference; lastKnownFileType = sourcecode.swift; path = CareersModelData.swift; sourceTree = "<group>"; };
		55A6ED062E9548000033B674 /* careersData.json */ = {isa = PBXFileReference; lastKnownFileType = text.json; path = careersData.json; sourceTree = "<group>"; };
		55C06F5D2E96DEB600BD5017 /* CategoryRow.swift */ = {isa = PBXFileReference; lastKnownFileType = sourcecode.swift; path = CategoryRow.swift; sourceTree = "<group>"; };
		55C06F5F2E96E14A00BD5017 /* PersonaRow.swift */ = {isa = PBXFileReference; lastKnownFileType = sourcecode.swift; path = PersonaRow.swift; sourceTree = "<group>"; };
		C20D77EA24B665D7002E7AEA /* CareersApp.app */ = {isa = PBXFileReference; explicitFileType = wrapper.application; includeInIndex = 0; path = CareersApp.app; sourceTree = BUILT_PRODUCTS_DIR; };
		C20D77ED24B665D7002E7AEA /* CareersApp.swift */ = {isa = PBXFileReference; lastKnownFileType = sourcecode.swift; path = CareersApp.swift; sourceTree = "<group>"; };
		C20D77F124B665D8002E7AEA /* Assets.xcassets */ = {isa = PBXFileReference; lastKnownFileType = folder.assetcatalog; path = Assets.xcassets; sourceTree = "<group>"; };
		C20D77F424B665D8002E7AEA /* Preview Assets.xcassets */ = {isa = PBXFileReference; lastKnownFileType = folder.assetcatalog; path = "Preview Assets.xcassets"; sourceTree = "<group>"; };
		C20D780424B684EC002E7AEA /* CareerV1.swift */ = {isa = PBXFileReference; lastKnownFileType = sourcecode.swift; path = CareerV1.swift; sourceTree = "<group>"; };
		FB75835CADF255844DAD0DAD /* SampleCode.xcconfig */ = {isa = PBXFileReference; lastKnownFileType = text.xcconfig; name = SampleCode.xcconfig; path = Configuration/SampleCode.xcconfig; sourceTree = "<group>"; };
/* End PBXFileReference section */

/* Begin PBXFileSystemSynchronizedRootGroup section */
		5596D86B2E9AF46B00E98CEF /* Tests */ = {isa = PBXFileSystemSynchronizedRootGroup; explicitFileTypes = {}; explicitFolders = (); path = Tests; sourceTree = "<group>"; };
		55C06F4C2E96A0D300BD5017 /* CareersUITests */ = {isa = PBXFileSystemSynchronizedRootGroup; explicitFileTypes = {}; explicitFolders = (); path = CareersUITests; sourceTree = "<group>"; };
/* End PBXFileSystemSynchronizedRootGroup section */

/* Begin PBXFrameworksBuildPhase section */
		5596D8672E9AF46B00E98CEF /* Frameworks */ = {
			isa = PBXFrameworksBuildPhase;
			buildActionMask = 2147483647;
			files = (
			);
			runOnlyForDeploymentPostprocessing = 0;
		};
		C20D77E724B665D7002E7AEA /* Frameworks */ = {
			isa = PBXFrameworksBuildPhase;
			buildActionMask = 2147483647;
			files = (
			);
			runOnlyForDeploymentPostprocessing = 0;
		};
/* End PBXFrameworksBuildPhase section */

/* Begin PBXGroup section */
		0BA6BB22EC06EFBEA60A948C /* Configuration */ = {
			isa = PBXGroup;
			children = (
				FB75835CADF255844DAD0DAD /* SampleCode.xcconfig */,
			);
			name = Configuration;
			sourceTree = "<group>";
		};
		5596D82E2E9AE72200E98CEF /* Utils */ = {
			isa = PBXGroup;
			children = (
				5596D8192E9AE25E00E98CEF /* Migration.swift */,
			);
			path = Utils;
			sourceTree = "<group>";
		};
		C20D77E124B665D7002E7AEA = {
			isa = PBXGroup;
			children = (
				C20D77EC24B665D7002E7AEA /* Main */,
				55C06F4C2E96A0D300BD5017 /* CareersUITests */,
				5596D86B2E9AF46B00E98CEF /* Tests */,
				C20D77EB24B665D7002E7AEA /* Products */,
				0BA6BB22EC06EFBEA60A948C /* Configuration */,
			);
			sourceTree = "<group>";
		};
		C20D77EB24B665D7002E7AEA /* Products */ = {
			isa = PBXGroup;
			children = (
				C20D77EA24B665D7002E7AEA /* CareersApp.app */,
				5596D86A2E9AF46B00E98CEF /* Tests.xctest */,
			);
			name = Products;
			sourceTree = "<group>";
		};
		C20D77EC24B665D7002E7AEA /* Main */ = {
			isa = PBXGroup;
			children = (
				5596D82E2E9AE72200E98CEF /* Utils */,
				C20D77ED24B665D7002E7AEA /* CareersApp.swift */,
				C2FEB33824B7CA02004FAB73 /* Views */,
				C20D780824B685C4002E7AEA /* Model */,
				C20D780924B685CB002E7AEA /* Resources */,
				C20D77F124B665D8002E7AEA /* Assets.xcassets */,
				C20D77F324B665D8002E7AEA /* Preview Content */,
			);
			path = Main;
			sourceTree = "<group>";
		};
		C20D77F324B665D8002E7AEA /* Preview Content */ = {
			isa = PBXGroup;
			children = (
				C20D77F424B665D8002E7AEA /* Preview Assets.xcassets */,
			);
			path = "Preview Content";
			sourceTree = "<group>";
		};
		C20D780824B685C4002E7AEA /* Model */ = {
			isa = PBXGroup;
			children = (
				C20D780424B684EC002E7AEA /* CareerV1.swift */,
				5596D81B2E9AE4EF00E98CEF /* CareerV2.swift */,
			);
			path = Model;
			sourceTree = "<group>";
		};
		C20D780924B685CB002E7AEA /* Resources */ = {
			isa = PBXGroup;
			children = (
				5596D8782E9AFD3700E98CEF /* careerV2.json */,
				55A6ED062E9548000033B674 /* careersData.json */,
			);
			path = Resources;
			sourceTree = "<group>";
		};
		C2FEB33824B7CA02004FAB73 /* Views */ = {
			isa = PBXGroup;
			children = (
				55A6ECFE2E9541FD0033B674 /* CareerRow.swift */,
				55A6ED002E9542000033B674 /* CareerDetail.swift */,
				55A6ED022E9542020033B674 /* CareerList.swift */,
				55A6ED042E9542630033B674 /* CareersModelData.swift */,
				55C06F5D2E96DEB600BD5017 /* CategoryRow.swift */,
				55C06F5F2E96E14A00BD5017 /* PersonaRow.swift */,
			);
			path = Views;
			sourceTree = "<group>";
		};
/* End PBXGroup section */

/* Begin PBXNativeTarget section */
		5596D8692E9AF46B00E98CEF /* Tests */ = {
			isa = PBXNativeTarget;
			buildConfigurationList = 5596D8702E9AF46B00E98CEF /* Build configuration list for PBXNativeTarget "Tests" */;
			buildPhases = (
				5596D8662E9AF46B00E98CEF /* Sources */,
				5596D8672E9AF46B00E98CEF /* Frameworks */,
				5596D8682E9AF46B00E98CEF /* Resources */,
			);
			buildRules = (
			);
			dependencies = (
				5596D86F2E9AF46B00E98CEF /* PBXTargetDependency */,
			);
			fileSystemSynchronizedGroups = (
				5596D86B2E9AF46B00E98CEF /* Tests */,
			);
			name = Tests;
			packageProductDependencies = (
			);
			productName = Tests;
			productReference = 5596D86A2E9AF46B00E98CEF /* Tests.xctest */;
			productType = "com.apple.product-type.bundle.unit-test";
		};
		C20D77E924B665D7002E7AEA /* CareersApp */ = {
			isa = PBXNativeTarget;
			buildConfigurationList = C20D77F924B665D8002E7AEA /* Build configuration list for PBXNativeTarget "CareersApp" */;
			buildPhases = (
				C20D77E624B665D7002E7AEA /* Sources */,
				C20D77E724B665D7002E7AEA /* Frameworks */,
				C20D77E824B665D7002E7AEA /* Resources */,
				5596D8482E9AF0E100E98CEF /* Embed PlugIns */,
			);
			buildRules = (
			);
			dependencies = (
			);
			name = CareersApp;
			productName = Landmarks;
			productReference = C20D77EA24B665D7002E7AEA /* CareersApp.app */;
			productType = "com.apple.product-type.application";
		};
/* End PBXNativeTarget section */

/* Begin PBXProject section */
		C20D77E224B665D7002E7AEA /* Project object */ = {
			isa = PBXProject;
			attributes = {
				BuildIndependentTargetsInParallel = YES;
				LastSwiftUpdateCheck = 2600;
				LastUpgradeCheck = 2600;
				ORGANIZATIONNAME = Apple;
				TargetAttributes = {
					5596D8692E9AF46B00E98CEF = {
						CreatedOnToolsVersion = 26.0.1;
						TestTargetID = C20D77E924B665D7002E7AEA;
					};
					C20D77E924B665D7002E7AEA = {
						CreatedOnToolsVersion = 12.0;
					};
				};
			};
			buildConfigurationList = C20D77E524B665D7002E7AEA /* Build configuration list for PBXProject "CareersApp" */;
			compatibilityVersion = "Xcode 15.0";
			developmentRegion = en;
			hasScannedForEncodings = 0;
			knownRegions = (
				en,
				Base,
			);
			mainGroup = C20D77E124B665D7002E7AEA;
			productRefGroup = C20D77EB24B665D7002E7AEA /* Products */;
			projectDirPath = "";
			projectRoot = "";
			targets = (
				C20D77E924B665D7002E7AEA /* CareersApp */,
				5596D8692E9AF46B00E98CEF /* Tests */,
			);
		};
/* End PBXProject section */

/* Begin PBXResourcesBuildPhase section */
		5596D8682E9AF46B00E98CEF /* Resources */ = {
			isa = PBXResourcesBuildPhase;
			buildActionMask = 2147483647;
			files = (
			);
			runOnlyForDeploymentPostprocessing = 0;
		};
		C20D77E824B665D7002E7AEA /* Resources */ = {
			isa = PBXResourcesBuildPhase;
			buildActionMask = 2147483647;
			files = (
				C20D77F524B665D8002E7AEA /* Preview Assets.xcassets in Resources */,
				C20D77F224B665D8002E7AEA /* Assets.xcassets in Resources */,
				55A6ED072E9548000033B674 /* careersData.json in Resources */,
				5596D8792E9AFD3700E98CEF /* careerV2.json in Resources */,
			);
			runOnlyForDeploymentPostprocessing = 0;
		};
/* End PBXResourcesBuildPhase section */

/* Begin PBXSourcesBuildPhase section */
		5596D8662E9AF46B00E98CEF /* Sources */ = {
			isa = PBXSourcesBuildPhase;
			buildActionMask = 2147483647;
			files = (
			);
			runOnlyForDeploymentPostprocessing = 0;
		};
		C20D77E624B665D7002E7AEA /* Sources */ = {
			isa = PBXSourcesBuildPhase;
			buildActionMask = 2147483647;
			files = (
				5596D8332E9AED0D00E98CEF /* Migration.swift in Sources */,
				C20D780524B684EC002E7AEA /* CareerV1.swift in Sources */,
				55A6ED052E9542630033B674 /* CareersModelData.swift in Sources */,
				55A6ECFF2E9541FD0033B674 /* CareerRow.swift in Sources */,
				55A6ED012E9542000033B674 /* CareerDetail.swift in Sources */,
				55C06F5E2E96DEB600BD5017 /* CategoryRow.swift in Sources */,
				C20D77EE24B665D7002E7AEA /* CareersApp.swift in Sources */,
				55C06F602E96E14A00BD5017 /* PersonaRow.swift in Sources */,
				55A6ED032E9542020033B674 /* CareerList.swift in Sources */,
				5596D8732E9AF67D00E98CEF /* CareerV2.swift in Sources */,
			);
			runOnlyForDeploymentPostprocessing = 0;
		};
/* End PBXSourcesBuildPhase section */

/* Begin PBXTargetDependency section */
		5596D86F2E9AF46B00E98CEF /* PBXTargetDependency */ = {
			isa = PBXTargetDependency;
			target = C20D77E924B665D7002E7AEA /* CareersApp */;
			targetProxy = 5596D86E2E9AF46B00E98CEF /* PBXContainerItemProxy */;
		};
/* End PBXTargetDependency section */

/* Begin XCBuildConfiguration section */
		5596D8712E9AF46B00E98CEF /* Debug */ = {
			isa = XCBuildConfiguration;
			buildSettings = {
				ASSETCATALOG_COMPILER_GENERATE_SWIFT_ASSET_SYMBOL_EXTENSIONS = YES;
				BUNDLE_LOADER = "$(TEST_HOST)";
				CLANG_CXX_LANGUAGE_STANDARD = "gnu++20";
				CODE_SIGN_STYLE = Automatic;
				CURRENT_PROJECT_VERSION = 1;
				DEVELOPMENT_TEAM = MU8Q7GLNNL;
				GCC_C_LANGUAGE_STANDARD = gnu17;
				GENERATE_INFOPLIST_FILE = YES;
				IPHONEOS_DEPLOYMENT_TARGET = 26.0;
				LOCALIZATION_PREFERS_STRING_CATALOGS = YES;
				MACOSX_DEPLOYMENT_TARGET = 26.0;
				MARKETING_VERSION = 1.0;
				PRODUCT_BUNDLE_IDENTIFIER = com.dyptan.Tests;
				PRODUCT_NAME = "$(TARGET_NAME)";
				SDKROOT = auto;
				STRING_CATALOG_GENERATE_SYMBOLS = NO;
				SUPPORTED_PLATFORMS = "iphoneos iphonesimulator macosx xros xrsimulator";
				SWIFT_ACTIVE_COMPILATION_CONDITIONS = "DEBUG $(inherited)";
				SWIFT_APPROACHABLE_CONCURRENCY = YES;
				SWIFT_EMIT_LOC_STRINGS = NO;
				SWIFT_UPCOMING_FEATURE_MEMBER_IMPORT_VISIBILITY = YES;
				SWIFT_VERSION = 5.0;
				TARGETED_DEVICE_FAMILY = "1,2,7";
				TEST_HOST = "$(BUILT_PRODUCTS_DIR)/CareersApp.app/$(BUNDLE_EXECUTABLE_FOLDER_PATH)/CareersApp";
				XROS_DEPLOYMENT_TARGET = 26.0;
			};
			name = Debug;
		};
		5596D8722E9AF46B00E98CEF /* Release */ = {
			isa = XCBuildConfiguration;
			buildSettings = {
				ASSETCATALOG_COMPILER_GENERATE_SWIFT_ASSET_SYMBOL_EXTENSIONS = YES;
				BUNDLE_LOADER = "$(TEST_HOST)";
				CLANG_CXX_LANGUAGE_STANDARD = "gnu++20";
				CODE_SIGN_STYLE = Automatic;
				CURRENT_PROJECT_VERSION = 1;
				DEVELOPMENT_TEAM = MU8Q7GLNNL;
				GCC_C_LANGUAGE_STANDARD = gnu17;
				GENERATE_INFOPLIST_FILE = YES;
				IPHONEOS_DEPLOYMENT_TARGET = 26.0;
				LOCALIZATION_PREFERS_STRING_CATALOGS = YES;
				MACOSX_DEPLOYMENT_TARGET = 26.0;
				MARKETING_VERSION = 1.0;
				PRODUCT_BUNDLE_IDENTIFIER = com.dyptan.Tests;
				PRODUCT_NAME = "$(TARGET_NAME)";
				SDKROOT = auto;
				STRING_CATALOG_GENERATE_SYMBOLS = NO;
				SUPPORTED_PLATFORMS = "iphoneos iphonesimulator macosx xros xrsimulator";
				SWIFT_APPROACHABLE_CONCURRENCY = YES;
				SWIFT_EMIT_LOC_STRINGS = NO;
				SWIFT_UPCOMING_FEATURE_MEMBER_IMPORT_VISIBILITY = YES;
				SWIFT_VERSION = 5.0;
				TARGETED_DEVICE_FAMILY = "1,2,7";
				TEST_HOST = "$(BUILT_PRODUCTS_DIR)/CareersApp.app/$(BUNDLE_EXECUTABLE_FOLDER_PATH)/CareersApp";
				XROS_DEPLOYMENT_TARGET = 26.0;
			};
			name = Release;
		};
		C20D77F724B665D8002E7AEA /* Debug */ = {
			isa = XCBuildConfiguration;
			baseConfigurationReference = FB75835CADF255844DAD0DAD /* SampleCode.xcconfig */;
			buildSettings = {
				ALLOW_TARGET_PLATFORM_SPECIALIZATION = YES;
				ALWAYS_SEARCH_USER_PATHS = NO;
				CLANG_ANALYZER_NONNULL = YES;
				CLANG_ANALYZER_NUMBER_OBJECT_CONVERSION = YES_AGGRESSIVE;
				CLANG_CXX_LANGUAGE_STANDARD = "gnu++14";
				CLANG_CXX_LIBRARY = "libc++";
				CLANG_ENABLE_MODULES = YES;
				CLANG_ENABLE_OBJC_ARC = YES;
				CLANG_ENABLE_OBJC_WEAK = YES;
				CLANG_WARN_BLOCK_CAPTURE_AUTORELEASING = YES;
				CLANG_WARN_BOOL_CONVERSION = YES;
				CLANG_WARN_COMMA = YES;
				CLANG_WARN_CONSTANT_CONVERSION = YES;
				CLANG_WARN_DEPRECATED_OBJC_IMPLEMENTATIONS = YES;
				CLANG_WARN_DIRECT_OBJC_ISA_USAGE = YES_ERROR;
				CLANG_WARN_DOCUMENTATION_COMMENTS = YES;
				CLANG_WARN_EMPTY_BODY = YES;
				CLANG_WARN_ENUM_CONVERSION = YES;
				CLANG_WARN_INFINITE_RECURSION = YES;
				CLANG_WARN_INT_CONVERSION = YES;
				CLANG_WARN_NON_LITERAL_NULL_CONVERSION = YES;
				CLANG_WARN_OBJC_IMPLICIT_RETAIN_SELF = YES;
				CLANG_WARN_OBJC_LITERAL_CONVERSION = YES;
				CLANG_WARN_OBJC_ROOT_CLASS = YES_ERROR;
				CLANG_WARN_QUOTED_INCLUDE_IN_FRAMEWORK_HEADER = YES;
				CLANG_WARN_RANGE_LOOP_ANALYSIS = YES;
				CLANG_WARN_STRICT_PROTOTYPES = YES;
				CLANG_WARN_SUSPICIOUS_MOVE = YES;
				CLANG_WARN_UNGUARDED_AVAILABILITY = YES_AGGRESSIVE;
				CLANG_WARN_UNREACHABLE_CODE = YES;
				CLANG_WARN__DUPLICATE_METHOD_MATCH = YES;
				COPY_PHASE_STRIP = NO;
				DEBUG_INFORMATION_FORMAT = dwarf;
				ENABLE_STRICT_OBJC_MSGSEND = YES;
				ENABLE_TESTABILITY = YES;
				ENABLE_USER_SCRIPT_SANDBOXING = YES;
				GCC_C_LANGUAGE_STANDARD = gnu11;
				GCC_DYNAMIC_NO_PIC = NO;
				GCC_NO_COMMON_BLOCKS = YES;
				GCC_OPTIMIZATION_LEVEL = 0;
				GCC_PREPROCESSOR_DEFINITIONS = (
					"DEBUG=1",
					"$(inherited)",
				);
				GCC_WARN_64_TO_32_BIT_CONVERSION = YES;
				GCC_WARN_ABOUT_RETURN_TYPE = YES_ERROR;
				GCC_WARN_UNDECLARED_SELECTOR = YES;
				GCC_WARN_UNINITIALIZED_AUTOS = YES_AGGRESSIVE;
				GCC_WARN_UNUSED_FUNCTION = YES;
				GCC_WARN_UNUSED_VARIABLE = YES;
				IPHONEOS_DEPLOYMENT_TARGET = 17.0;
				MTL_ENABLE_DEBUG_INFO = INCLUDE_SOURCE;
				MTL_FAST_MATH = YES;
				ONLY_ACTIVE_ARCH = NO;
				SDKROOT = macosx;
				STRING_CATALOG_GENERATE_SYMBOLS = YES;
				SUPPORTED_PLATFORMS = "xrsimulator xros watchsimulator watchos macosx iphonesimulator iphoneos driverkit appletvsimulator appletvos";
				SUPPORTS_MACCATALYST = YES;
				SWIFT_ACTIVE_COMPILATION_CONDITIONS = DEBUG;
				SWIFT_OPTIMIZATION_LEVEL = "-Onone";
			};
			name = Debug;
		};
		C20D77F824B665D8002E7AEA /* Release */ = {
			isa = XCBuildConfiguration;
			baseConfigurationReference = FB75835CADF255844DAD0DAD /* SampleCode.xcconfig */;
			buildSettings = {
				ALLOW_TARGET_PLATFORM_SPECIALIZATION = YES;
				ALWAYS_SEARCH_USER_PATHS = NO;
				CLANG_ANALYZER_NONNULL = YES;
				CLANG_ANALYZER_NUMBER_OBJECT_CONVERSION = YES_AGGRESSIVE;
				CLANG_CXX_LANGUAGE_STANDARD = "gnu++14";
				CLANG_CXX_LIBRARY = "libc++";
				CLANG_ENABLE_MODULES = YES;
				CLANG_ENABLE_OBJC_ARC = YES;
				CLANG_ENABLE_OBJC_WEAK = YES;
				CLANG_WARN_BLOCK_CAPTURE_AUTORELEASING = YES;
				CLANG_WARN_BOOL_CONVERSION = YES;
				CLANG_WARN_COMMA = YES;
				CLANG_WARN_CONSTANT_CONVERSION = YES;
				CLANG_WARN_DEPRECATED_OBJC_IMPLEMENTATIONS = YES;
				CLANG_WARN_DIRECT_OBJC_ISA_USAGE = YES_ERROR;
				CLANG_WARN_DOCUMENTATION_COMMENTS = YES;
				CLANG_WARN_EMPTY_BODY = YES;
				CLANG_WARN_ENUM_CONVERSION = YES;
				CLANG_WARN_INFINITE_RECURSION = YES;
				CLANG_WARN_INT_CONVERSION = YES;
				CLANG_WARN_NON_LITERAL_NULL_CONVERSION = YES;
				CLANG_WARN_OBJC_IMPLICIT_RETAIN_SELF = YES;
				CLANG_WARN_OBJC_LITERAL_CONVERSION = YES;
				CLANG_WARN_OBJC_ROOT_CLASS = YES_ERROR;
				CLANG_WARN_QUOTED_INCLUDE_IN_FRAMEWORK_HEADER = YES;
				CLANG_WARN_RANGE_LOOP_ANALYSIS = YES;
				CLANG_WARN_STRICT_PROTOTYPES = YES;
				CLANG_WARN_SUSPICIOUS_MOVE = YES;
				CLANG_WARN_UNGUARDED_AVAILABILITY = YES_AGGRESSIVE;
				CLANG_WARN_UNREACHABLE_CODE = YES;
				CLANG_WARN__DUPLICATE_METHOD_MATCH = YES;
				COPY_PHASE_STRIP = NO;
				DEBUG_INFORMATION_FORMAT = "dwarf-with-dsym";
				ENABLE_NS_ASSERTIONS = NO;
				ENABLE_STRICT_OBJC_MSGSEND = YES;
				ENABLE_USER_SCRIPT_SANDBOXING = YES;
				GCC_C_LANGUAGE_STANDARD = gnu11;
				GCC_NO_COMMON_BLOCKS = YES;
				GCC_WARN_64_TO_32_BIT_CONVERSION = YES;
				GCC_WARN_ABOUT_RETURN_TYPE = YES_ERROR;
				GCC_WARN_UNDECLARED_SELECTOR = YES;
				GCC_WARN_UNINITIALIZED_AUTOS = YES_AGGRESSIVE;
				GCC_WARN_UNUSED_FUNCTION = YES;
				GCC_WARN_UNUSED_VARIABLE = YES;
				IPHONEOS_DEPLOYMENT_TARGET = 17.0;
				MTL_ENABLE_DEBUG_INFO = NO;
				MTL_FAST_MATH = YES;
				SDKROOT = macosx;
				STRING_CATALOG_GENERATE_SYMBOLS = YES;
				SUPPORTED_PLATFORMS = "xrsimulator xros watchsimulator watchos macosx iphonesimulator iphoneos driverkit appletvsimulator appletvos";
				SUPPORTS_MACCATALYST = YES;
				SWIFT_COMPILATION_MODE = wholemodule;
				SWIFT_OPTIMIZATION_LEVEL = "-O";
				VALIDATE_PRODUCT = YES;
			};
			name = Release;
		};
		C20D77FA24B665D8002E7AEA /* Debug */ = {
			isa = XCBuildConfiguration;
			baseConfigurationReference = FB75835CADF255844DAD0DAD /* SampleCode.xcconfig */;
			buildSettings = {
				ASSETCATALOG_COMPILER_APPICON_NAME = AppIcon;
				ASSETCATALOG_COMPILER_GLOBAL_ACCENT_COLOR_NAME = AccentColor;
				ASSETCATALOG_COMPILER_INCLUDE_ALL_APPICON_ASSETS = NO;
				CODE_SIGN_STYLE = Automatic;
				CURRENT_PROJECT_VERSION = 1;
				DEVELOPMENT_ASSET_PATHS = "\"Main/Preview Content\"";
				DEVELOPMENT_TEAM = MU8Q7GLNNL;
				ENABLE_PREVIEWS = YES;
				GENERATE_INFOPLIST_FILE = YES;
				INFOPLIST_KEY_CFBundleDisplayName = CareerHelper;
				INFOPLIST_KEY_LSApplicationCategoryType = "public.app-category.education";
				INFOPLIST_KEY_UIApplicationSceneManifest_Generation = YES;
				INFOPLIST_KEY_UIApplicationSupportsIndirectInputEvents = YES;
				INFOPLIST_KEY_UILaunchScreen_Generation = YES;
				INFOPLIST_KEY_UISupportedInterfaceOrientations = "UIInterfaceOrientationLandscapeLeft UIInterfaceOrientationLandscapeRight UIInterfaceOrientationPortrait";
				INFOPLIST_KEY_UISupportedInterfaceOrientations_iPad = "UIInterfaceOrientationLandscapeLeft UIInterfaceOrientationLandscapeRight UIInterfaceOrientationPortrait UIInterfaceOrientationPortraitUpsideDown";
				IPHONEOS_DEPLOYMENT_TARGET = 15.6;
				LD_RUNPATH_SEARCH_PATHS = (
					"$(inherited)",
					"@executable_path/Frameworks",
				);
				MACOSX_DEPLOYMENT_TARGET = 15.6;
				MARKETING_VERSION = 1.0;
				PRODUCT_BUNDLE_IDENTIFIER = com.dyptan.CareersApp;
				PRODUCT_NAME = "$(TARGET_NAME)";
				PROVISIONING_PROFILE_SPECIFIER = "";
				SDKROOT = macosx;
				SUPPORTED_PLATFORMS = "iphoneos iphonesimulator macosx";
				SUPPORTS_MACCATALYST = NO;
				SUPPORTS_MAC_DESIGNED_FOR_IPHONE_IPAD = NO;
				SWIFT_VERSION = 5.0;
				TARGETED_DEVICE_FAMILY = "1,2";
			};
			name = Debug;
		};
		C20D77FB24B665D8002E7AEA /* Release */ = {
			isa = XCBuildConfiguration;
			baseConfigurationReference = FB75835CADF255844DAD0DAD /* SampleCode.xcconfig */;
			buildSettings = {
				ASSETCATALOG_COMPILER_APPICON_NAME = AppIcon;
				ASSETCATALOG_COMPILER_GLOBAL_ACCENT_COLOR_NAME = AccentColor;
				ASSETCATALOG_COMPILER_INCLUDE_ALL_APPICON_ASSETS = NO;
				CODE_SIGN_STYLE = Automatic;
				CURRENT_PROJECT_VERSION = 1;
				DEVELOPMENT_ASSET_PATHS = "\"Main/Preview Content\"";
				DEVELOPMENT_TEAM = MU8Q7GLNNL;
				ENABLE_PREVIEWS = YES;
				GENERATE_INFOPLIST_FILE = YES;
				INFOPLIST_KEY_CFBundleDisplayName = CareerHelper;
				INFOPLIST_KEY_LSApplicationCategoryType = "public.app-category.education";
				INFOPLIST_KEY_UIApplicationSceneManifest_Generation = YES;
				INFOPLIST_KEY_UIApplicationSupportsIndirectInputEvents = YES;
				INFOPLIST_KEY_UILaunchScreen_Generation = YES;
				INFOPLIST_KEY_UISupportedInterfaceOrientations = "UIInterfaceOrientationLandscapeLeft UIInterfaceOrientationLandscapeRight UIInterfaceOrientationPortrait";
				INFOPLIST_KEY_UISupportedInterfaceOrientations_iPad = "UIInterfaceOrientationLandscapeLeft UIInterfaceOrientationLandscapeRight UIInterfaceOrientationPortrait UIInterfaceOrientationPortraitUpsideDown";
				IPHONEOS_DEPLOYMENT_TARGET = 15.6;
				LD_RUNPATH_SEARCH_PATHS = (
					"$(inherited)",
					"@executable_path/Frameworks",
				);
				MACOSX_DEPLOYMENT_TARGET = 15.6;
				MARKETING_VERSION = 1.0;
				PRODUCT_BUNDLE_IDENTIFIER = com.dyptan.CareersApp;
				PRODUCT_NAME = "$(TARGET_NAME)";
				PROVISIONING_PROFILE_SPECIFIER = "";
				SDKROOT = macosx;
				SUPPORTED_PLATFORMS = "iphoneos iphonesimulator macosx";
				SUPPORTS_MACCATALYST = NO;
				SUPPORTS_MAC_DESIGNED_FOR_IPHONE_IPAD = NO;
				SWIFT_VERSION = 5.0;
				TARGETED_DEVICE_FAMILY = "1,2";
			};
			name = Release;
		};
/* End XCBuildConfiguration section */

/* Begin XCConfigurationList section */
		5596D8702E9AF46B00E98CEF /* Build configuration list for PBXNativeTarget "Tests" */ = {
			isa = XCConfigurationList;
			buildConfigurations = (
				5596D8712E9AF46B00E98CEF /* Debug */,
				5596D8722E9AF46B00E98CEF /* Release */,
			);
			defaultConfigurationIsVisible = 0;
			defaultConfigurationName = Release;
		};
		C20D77E524B665D7002E7AEA /* Build configuration list for PBXProject "CareersApp" */ = {
			isa = XCConfigurationList;
			buildConfigurations = (
				C20D77F724B665D8002E7AEA /* Debug */,
				C20D77F824B665D8002E7AEA /* Release */,
			);
			defaultConfigurationIsVisible = 0;
			defaultConfigurationName = Release;
		};
		C20D77F924B665D8002E7AEA /* Build configuration list for PBXNativeTarget "CareersApp" */ = {
			isa = XCConfigurationList;
			buildConfigurations = (
				C20D77FA24B665D8002E7AEA /* Debug */,
				C20D77FB24B665D8002E7AEA /* Release */,
			);
			defaultConfigurationIsVisible = 0;
			defaultConfigurationName = Release;
		};
/* End XCConfigurationList section */
	};
	rootObject = C20D77E224B665D7002E7AEA /* Project object */;
}
